{
  "name": "WindScript",
  "lockfileVersion": 2,
  "requires": true,
  "packages": {
    "": {
      "dependencies": {
        "wind-script": "^0.0.8"
      },
      "version": "0.0.1"
    },
    "node_modules/wind-script": {
      "version": "0.0.8",
      "resolved": "https://registry.npmjs.org/wind-script/-/wind-script-0.0.8.tgz",
      "integrity": "sha512-80TSPd5xEOaaVXRCQXqQfsF1+DmdVnnzGA1SkxX+Bs4hCGzA+4o+pOX4JbCUl13OjcrZ3OV9Hc18CG6yA6kNNg=="
    }
  },
  "dependencies": {
    "wind-script": {
      "version": "0.0.8",
      "resolved": "https://registry.npmjs.org/wind-script/-/wind-script-0.0.8.tgz",
      "integrity": "sha512-80TSPd5xEOaaVXRCQXqQfsF1+DmdVnnzGA1SkxX+Bs4hCGzA+4o+pOX4JbCUl13OjcrZ3OV9Hc18CG6yA6kNNg=="
    }
  },
  "version": "0.0.1"
}
