{
  "name": "wind-script-template",
  "lockfileVersion": 2,
  "requires": true,
  "packages": {
    "": {
      "name": "wind-script-template",
      "dependencies": {
        "wind-script": "^0.2.3"
      }
    },
    "node_modules/commander": {
      "version": "9.4.0",
      "resolved": "https://registry.npmjs.org/commander/-/commander-9.4.0.tgz",
      "integrity": "sha512-sRPT+umqkz90UA8M1yqYfnHlZA7fF6nSphDtxeywPZ49ysjxDQybzk13CL+mXekDRG92skbcqCLVovuCusNmFw==",
      "engines": {
        "node": "^12.20.0 || >=14"
      }
    },
    "node_modules/wind-script": {
      "version": "0.2.3",
      "resolved": "https://registry.npmjs.org/wind-script/-/wind-script-0.2.3.tgz",
      "integrity": "sha512-3TsHnExNPCFAPQo7nfLbVHL38RvTpqKgRpB8s68p2EsIBvlpGSjRF7CKMOmHPU3zTDNipSLaLD7YX5MJpcQ3mw==",
      "dependencies": {
        "commander": "^9.3.0"
      },
      "bin": {
        "wind-script": "ws.js"
      }
    }
  },
  "dependencies": {
    "commander": {
      "version": "9.4.0",
      "resolved": "https://registry.npmjs.org/commander/-/commander-9.4.0.tgz",
      "integrity": "sha512-sRPT+umqkz90UA8M1yqYfnHlZA7fF6nSphDtxeywPZ49ysjxDQybzk13CL+mXekDRG92skbcqCLVovuCusNmFw=="
    },
    "wind-script": {
      "version": "0.2.3",
      "resolved": "https://registry.npmjs.org/wind-script/-/wind-script-0.2.3.tgz",
      "integrity": "sha512-3TsHnExNPCFAPQo7nfLbVHL38RvTpqKgRpB8s68p2EsIBvlpGSjRF7CKMOmHPU3zTDNipSLaLD7YX5MJpcQ3mw==",
      "requires": {
        "commander": "^9.3.0"
      }
    }
  }
}
